
Microsoft Visual Studio Solution File, Format Version 12.00
# Visual Studio Version 17
VisualStudioVersion = 17.8.34212.112
MinimumVisualStudioVersion = 10.0.40219.1
Project("{FAE04EC0-301F-11D3-BF4B-00C04F79EFBC}") = "AppOne", "AppOne\AppOne.csproj", "{F6D68647-6947-4D3E-9F91-25A6A60BE3E3}"
EndProject
Global
	GlobalSection(SolutionConfigurationPlatforms) = preSolution
		Debug|Any CPU = Debug|Any CPU
		Release|Any CPU = Release|Any CPU
	EndGlobalSection
	GlobalSection(ProjectConfigurationPlatforms) = postSolution
		{F6D68647-6947-4D3E-9F91-25A6A60BE3E3}.Debug|Any CPU.ActiveCfg = Debug|Any CPU
		{F6D68647-6947-4D3E-9F91-25A6A60BE3E3}.Debug|Any CPU.Build.0 = Debug|Any CPU
		{F6D68647-6947-4D3E-9F91-25A6A60BE3E3}.Release|Any CPU.ActiveCfg = Release|Any CPU
		{F6D68647-6947-4D3E-9F91-25A6A60BE3E3}.Release|Any CPU.Build.0 = Release|Any CPU
	EndGlobalSection
	GlobalSection(SolutionProperties) = preSolution
		HideSolutionNode = FALSE
	EndGlobalSection
	GlobalSection(ExtensibilityGlobals) = postSolution
		SolutionGuid = {618BA822-E470-405A-926E-784915AA66A2}
	EndGlobalSection
EndGlobal
